
Microsoft Visual Studio Solution File, Format Version 12.00
# Visual Studio 2012
Project("{FAE04EC0-301F-11D3-BF4B-00C04F79EFBC}") = "DataAccess", "DataAccess\DataAccess.csproj", "{233EB125-2D5B-44A4-8B1C-63E70F19CD3A}"
EndProject
Global
	GlobalSection(SolutionConfigurationPlatforms) = preSolution
		Debug|Any CPU = Debug|Any CPU
		Release|Any CPU = Release|Any CPU
	EndGlobalSection
	GlobalSection(ProjectConfigurationPlatforms) = postSolution
		{233EB125-2D5B-44A4-8B1C-63E70F19CD3A}.Debug|Any CPU.ActiveCfg = Debug|Any CPU
		{233EB125-2D5B-44A4-8B1C-63E70F19CD3A}.Debug|Any CPU.Build.0 = Debug|Any CPU
		{233EB125-2D5B-44A4-8B1C-63E70F19CD3A}.Release|Any CPU.ActiveCfg = Release|Any CPU
		{233EB125-2D5B-44A4-8B1C-63E70F19CD3A}.Release|Any CPU.Build.0 = Release|Any CPU
	EndGlobalSection
	GlobalSection(SolutionProperties) = preSolution
		HideSolutionNode = FALSE
	EndGlobalSection
EndGlobal
